
Microsoft Visual Studio Solution File, Format Version 12.00
# Visual Studio 15
VisualStudioVersion = 15.0.28307.852
MinimumVisualStudioVersion = 10.0.40219.1
Project("{FAE04EC0-301F-11D3-BF4B-00C04F79EFBC}") = "TestTechnique_EONIX", "TestTechnique_EONIX\TestTechnique_EONIX.csproj", "{B9EF211E-9D34-4A88-B7C6-38A8FA36ACC9}"
EndProject
Project("{FAE04EC0-301F-11D3-BF4B-00C04F79EFBC}") = "TestTechnique_EONIX_Tests", "TestTechnique_EONIX_Tests\TestTechnique_EONIX_Tests.csproj", "{93C53A35-34D9-4B72-81FD-E21DB03DF753}"
EndProject
Global
	GlobalSection(SolutionConfigurationPlatforms) = preSolution
		Debug|Any CPU = Debug|Any CPU
		Release|Any CPU = Release|Any CPU
	EndGlobalSection
	GlobalSection(ProjectConfigurationPlatforms) = postSolution
		{B9EF211E-9D34-4A88-B7C6-38A8FA36ACC9}.Debug|Any CPU.ActiveCfg = Debug|Any CPU
		{B9EF211E-9D34-4A88-B7C6-38A8FA36ACC9}.Debug|Any CPU.Build.0 = Debug|Any CPU
		{B9EF211E-9D34-4A88-B7C6-38A8FA36ACC9}.Release|Any CPU.ActiveCfg = Release|Any CPU
		{B9EF211E-9D34-4A88-B7C6-38A8FA36ACC9}.Release|Any CPU.Build.0 = Release|Any CPU
		{93C53A35-34D9-4B72-81FD-E21DB03DF753}.Debug|Any CPU.ActiveCfg = Debug|Any CPU
		{93C53A35-34D9-4B72-81FD-E21DB03DF753}.Debug|Any CPU.Build.0 = Debug|Any CPU
		{93C53A35-34D9-4B72-81FD-E21DB03DF753}.Release|Any CPU.ActiveCfg = Release|Any CPU
		{93C53A35-34D9-4B72-81FD-E21DB03DF753}.Release|Any CPU.Build.0 = Release|Any CPU
	EndGlobalSection
	GlobalSection(SolutionProperties) = preSolution
		HideSolutionNode = FALSE
	EndGlobalSection
	GlobalSection(ExtensibilityGlobals) = postSolution
		SolutionGuid = {8C3F7B2D-A965-4D4F-9C25-3003801E55D6}
	EndGlobalSection
EndGlobal
